
Microsoft Visual Studio Solution File, Format Version 12.00
Project("{FAE04EC0-301F-11D3-BF4B-00C04F79EFBC}") = "BookingTicket.Api", "BookingTicket.Api\BookingTicket.Api.csproj", "{9ED03C17-C532-48F3-A3EB-B73BF7A52477}"
EndProject
Project("{FAE04EC0-301F-11D3-BF4B-00C04F79EFBC}") = "BookingTicket.Application", "BookingTicket.Application\BookingTicket.Application.csproj", "{BCB27E7D-57AE-4966-B55B-F74B4112D85D}"
EndProject
Project("{FAE04EC0-301F-11D3-BF4B-00C04F79EFBC}") = "BookingTicket.Domain", "BookingTicket.Domain\BookingTicket.Domain.csproj", "{59E8A637-1BD5-4DEF-99DB-84974BB57752}"
EndProject
Project("{FAE04EC0-301F-11D3-BF4B-00C04F79EFBC}") = "BookingTicket.Infrastructure", "BookingTicket.Infrastructure\BookingTicket.Infrastructure.csproj", "{512263AB-30DB-4CBA-BDA7-3ECEEEB68814}"
EndProject
Global
	GlobalSection(SolutionConfigurationPlatforms) = preSolution
		Debug|Any CPU = Debug|Any CPU
		Release|Any CPU = Release|Any CPU
	EndGlobalSection
	GlobalSection(ProjectConfigurationPlatforms) = postSolution
		{9ED03C17-C532-48F3-A3EB-B73BF7A52477}.Debug|Any CPU.ActiveCfg = Debug|Any CPU
		{9ED03C17-C532-48F3-A3EB-B73BF7A52477}.Debug|Any CPU.Build.0 = Debug|Any CPU
		{9ED03C17-C532-48F3-A3EB-B73BF7A52477}.Release|Any CPU.ActiveCfg = Release|Any CPU
		{9ED03C17-C532-48F3-A3EB-B73BF7A52477}.Release|Any CPU.Build.0 = Release|Any CPU
		{BCB27E7D-57AE-4966-B55B-F74B4112D85D}.Debug|Any CPU.ActiveCfg = Debug|Any CPU
		{BCB27E7D-57AE-4966-B55B-F74B4112D85D}.Debug|Any CPU.Build.0 = Debug|Any CPU
		{BCB27E7D-57AE-4966-B55B-F74B4112D85D}.Release|Any CPU.ActiveCfg = Release|Any CPU
		{BCB27E7D-57AE-4966-B55B-F74B4112D85D}.Release|Any CPU.Build.0 = Release|Any CPU
		{59E8A637-1BD5-4DEF-99DB-84974BB57752}.Debug|Any CPU.ActiveCfg = Debug|Any CPU
		{59E8A637-1BD5-4DEF-99DB-84974BB57752}.Debug|Any CPU.Build.0 = Debug|Any CPU
		{59E8A637-1BD5-4DEF-99DB-84974BB57752}.Release|Any CPU.ActiveCfg = Release|Any CPU
		{59E8A637-1BD5-4DEF-99DB-84974BB57752}.Release|Any CPU.Build.0 = Release|Any CPU
		{512263AB-30DB-4CBA-BDA7-3ECEEEB68814}.Debug|Any CPU.ActiveCfg = Debug|Any CPU
		{512263AB-30DB-4CBA-BDA7-3ECEEEB68814}.Debug|Any CPU.Build.0 = Debug|Any CPU
		{512263AB-30DB-4CBA-BDA7-3ECEEEB68814}.Release|Any CPU.ActiveCfg = Release|Any CPU
		{512263AB-30DB-4CBA-BDA7-3ECEEEB68814}.Release|Any CPU.Build.0 = Release|Any CPU
	EndGlobalSection
EndGlobal
